
Microsoft Visual Studio Solution File, Format Version 12.00
# Visual Studio 14
VisualStudioVersion = 14.0.23107.0
MinimumVisualStudioVersion = 10.0.40219.1
Project("{FAE04EC0-301F-11D3-BF4B-00C04F79EFBC}") = "Autofac.Integration.Mvc.Owin", "src\Autofac.Integration.Mvc.Owin\Autofac.Integration.Mvc.Owin.csproj", "{80E903A8-7A29-4B17-B67E-9A769894F415}"
EndProject
Project("{FAE04EC0-301F-11D3-BF4B-00C04F79EFBC}") = "Autofac.Integration.Mvc.Owin.Test", "test\Autofac.Integration.Mvc.Owin.Test\Autofac.Integration.Mvc.Owin.Test.csproj", "{C8CA150E-ADBC-47DE-A9EB-AACC4621C091}"
EndProject
Global
	GlobalSection(SolutionConfigurationPlatforms) = preSolution
		Debug|Any CPU = Debug|Any CPU
		Release|Any CPU = Release|Any CPU
	EndGlobalSection
	GlobalSection(ProjectConfigurationPlatforms) = postSolution
		{80E903A8-7A29-4B17-B67E-9A769894F415}.Debug|Any CPU.ActiveCfg = Debug|Any CPU
		{80E903A8-7A29-4B17-B67E-9A769894F415}.Debug|Any CPU.Build.0 = Debug|Any CPU
		{80E903A8-7A29-4B17-B67E-9A769894F415}.Release|Any CPU.ActiveCfg = Release|Any CPU
		{80E903A8-7A29-4B17-B67E-9A769894F415}.Release|Any CPU.Build.0 = Release|Any CPU
		{C8CA150E-ADBC-47DE-A9EB-AACC4621C091}.Debug|Any CPU.ActiveCfg = Debug|Any CPU
		{C8CA150E-ADBC-47DE-A9EB-AACC4621C091}.Debug|Any CPU.Build.0 = Debug|Any CPU
		{C8CA150E-ADBC-47DE-A9EB-AACC4621C091}.Release|Any CPU.ActiveCfg = Release|Any CPU
		{C8CA150E-ADBC-47DE-A9EB-AACC4621C091}.Release|Any CPU.Build.0 = Release|Any CPU
	EndGlobalSection
	GlobalSection(SolutionProperties) = preSolution
		HideSolutionNode = FALSE
	EndGlobalSection
EndGlobal
